github.com/triztian/my.special.library v0.0.0-20190702005630-92faf8ca4418 h1:iWGLuWMljpN9vgwHr1NbDoQlHUh5cTzGpdUxVeq+jRw=
github.com/triztian/my.special.library v0.0.0-20190702005630-92faf8ca4418/go.mod h1:Q3W4NE/Z591MWknEzALiawSB/QiHsBDx6dTESSywq8c=
github.com/triztian/my.special.library v0.0.0-20190702020147-5bb7e2060cbd h1:Zgq2gu1s3A74NBaeAx948ggVpq5mtL+V8r96ZDukXQc=
github.com/triztian/my.special.library v0.0.0-20190702020147-5bb7e2060cbd/go.mod h1:Q3W4NE/Z591MWknEzALiawSB/QiHsBDx6dTESSywq8c=
