github.com/triztian/my.binary v0.0.0-20190702002706-27887a91880b h1:trAuUe+i6s1ban4LyQkIJAumH5uxHPeXsZSRmlAuCHc=
github.com/triztian/my.binary v0.0.0-20190702002706-27887a91880b/go.mod h1:oLtw9TuhMZpa5DHz5D7U/Bp83le+ZLf7ZW35fQBk3kw=
github.com/triztian/my.special.library v0.0.0-20190701234819-e9b267714af6 h1:F7jo0pPsptf7JS67ZB8cUy12FdH6RW7HOUSnGnEeVEg=
github.com/triztian/my.special.library v0.0.0-20190701234819-e9b267714af6/go.mod h1:Q3W4NE/Z591MWknEzALiawSB/QiHsBDx6dTESSywq8c=
